
Microsoft Visual Studio Solution File, Format Version 12.00
# Visual Studio Version 16
VisualStudioVersion = 16.0.30804.86
MinimumVisualStudioVersion = 10.0.40219.1
Project("{FAE04EC0-301F-11D3-BF4B-00C04F79EFBC}") = "FileSearch3", "FileSearch3\FileSearch3.csproj", "{80DF6CAD-04A7-4665-B2DF-A259CCE9EDFE}"
EndProject
Project("{FAE04EC0-301F-11D3-BF4B-00C04F79EFBC}") = "UpdateVersion", "UpdateVersion\UpdateVersion.csproj", "{80EB5892-7376-47E6-A035-179BFF524A65}"
EndProject
Global
	GlobalSection(SolutionConfigurationPlatforms) = preSolution
		Debug|Any CPU = Debug|Any CPU
		Release|Any CPU = Release|Any CPU
	EndGlobalSection
	GlobalSection(ProjectConfigurationPlatforms) = postSolution
		{80DF6CAD-04A7-4665-B2DF-A259CCE9EDFE}.Debug|Any CPU.ActiveCfg = Debug|Any CPU
		{80DF6CAD-04A7-4665-B2DF-A259CCE9EDFE}.Debug|Any CPU.Build.0 = Debug|Any CPU
		{80DF6CAD-04A7-4665-B2DF-A259CCE9EDFE}.Release|Any CPU.ActiveCfg = Release|Any CPU
		{80DF6CAD-04A7-4665-B2DF-A259CCE9EDFE}.Release|Any CPU.Build.0 = Release|Any CPU
		{80EB5892-7376-47E6-A035-179BFF524A65}.Debug|Any CPU.ActiveCfg = Debug|Any CPU
		{80EB5892-7376-47E6-A035-179BFF524A65}.Debug|Any CPU.Build.0 = Debug|Any CPU
		{80EB5892-7376-47E6-A035-179BFF524A65}.Release|Any CPU.ActiveCfg = Release|Any CPU
		{80EB5892-7376-47E6-A035-179BFF524A65}.Release|Any CPU.Build.0 = Release|Any CPU
	EndGlobalSection
	GlobalSection(SolutionProperties) = preSolution
		HideSolutionNode = FALSE
	EndGlobalSection
	GlobalSection(ExtensibilityGlobals) = postSolution
		SolutionGuid = {B19C2829-66F7-4419-B9F4-1AB5712BBD4E}
	EndGlobalSection
EndGlobal
